
Microsoft Visual Studio Solution File, Format Version 12.00
# Visual Studio Version 17
VisualStudioVersion = 17.0.31919.166
MinimumVisualStudioVersion = 10.0.40219.1
Project("{9A19103F-16F7-4668-BE54-9A1E7A4F7556}") = "ProCodeGuide.Samples.FeatureFlagsDemo", "ProCodeGuide.Samples.FeatureFlagsDemo\ProCodeGuide.Samples.FeatureFlagsDemo.csproj", "{4491BA03-B872-4B03-B912-1F61E24CE275}"
EndProject
Global
	GlobalSection(SolutionConfigurationPlatforms) = preSolution
		Debug|Any CPU = Debug|Any CPU
		Release|Any CPU = Release|Any CPU
	EndGlobalSection
	GlobalSection(ProjectConfigurationPlatforms) = postSolution
		{4491BA03-B872-4B03-B912-1F61E24CE275}.Debug|Any CPU.ActiveCfg = Debug|Any CPU
		{4491BA03-B872-4B03-B912-1F61E24CE275}.Debug|Any CPU.Build.0 = Debug|Any CPU
		{4491BA03-B872-4B03-B912-1F61E24CE275}.Release|Any CPU.ActiveCfg = Release|Any CPU
		{4491BA03-B872-4B03-B912-1F61E24CE275}.Release|Any CPU.Build.0 = Release|Any CPU
	EndGlobalSection
	GlobalSection(SolutionProperties) = preSolution
		HideSolutionNode = FALSE
	EndGlobalSection
	GlobalSection(ExtensibilityGlobals) = postSolution
		SolutionGuid = {5B3CCEBE-3AE5-4BBB-B6E3-9CDF35709786}
	EndGlobalSection
EndGlobal
